
Microsoft Visual Studio Solution File, Format Version 12.00
# Visual Studio Version 17
VisualStudioVersion = 17.2.32602.215
MinimumVisualStudioVersion = 10.0.40219.1
Project("{FAE04EC0-301F-11D3-BF4B-00C04F79EFBC}") = "DVD ScreenSaver", "DVD ScreenSaver\DVD ScreenSaver.csproj", "{B158E4D9-A6ED-45DA-A759-DD54C48DEE00}"
EndProject
Global
	GlobalSection(SolutionConfigurationPlatforms) = preSolution
		Debug|Any CPU = Debug|Any CPU
		Release|Any CPU = Release|Any CPU
	EndGlobalSection
	GlobalSection(ProjectConfigurationPlatforms) = postSolution
		{B158E4D9-A6ED-45DA-A759-DD54C48DEE00}.Debug|Any CPU.ActiveCfg = Debug|Any CPU
		{B158E4D9-A6ED-45DA-A759-DD54C48DEE00}.Debug|Any CPU.Build.0 = Debug|Any CPU
		{B158E4D9-A6ED-45DA-A759-DD54C48DEE00}.Release|Any CPU.ActiveCfg = Release|Any CPU
		{B158E4D9-A6ED-45DA-A759-DD54C48DEE00}.Release|Any CPU.Build.0 = Release|Any CPU
	EndGlobalSection
	GlobalSection(SolutionProperties) = preSolution
		HideSolutionNode = FALSE
	EndGlobalSection
	GlobalSection(ExtensibilityGlobals) = postSolution
		SolutionGuid = {C22814AB-8569-481C-A3B1-24546D9BB229}
	EndGlobalSection
EndGlobal
